
Microsoft Visual Studio Solution File, Format Version 12.00
# Visual Studio Version 17
VisualStudioVersion = 17.7.34031.279
MinimumVisualStudioVersion = 10.0.40219.1
Project("{FAE04EC0-301F-11D3-BF4B-00C04F79EFBC}") = "Task_1", "Task_1.csproj", "{854F58AD-FCC4-4656-92E0-5D56471AF938}"
EndProject
Project("{FAE04EC0-301F-11D3-BF4B-00C04F79EFBC}") = "Task_2", "..\Task_2\Task_2.csproj", "{B85D3A08-BCFB-47D4-96E4-EDD39196B937}"
EndProject
Project("{FAE04EC0-301F-11D3-BF4B-00C04F79EFBC}") = "Task_3", "..\Task_3\Task_3.csproj", "{6EDB06C4-54AA-4A5E-9A46-F45DD5AC85ED}"
EndProject
Project("{FAE04EC0-301F-11D3-BF4B-00C04F79EFBC}") = "Task_4", "..\Task_4\Task_4.csproj", "{0DF2F1D1-AD9A-4CC4-9634-0DF9475E045F}"
EndProject
Global
	GlobalSection(SolutionConfigurationPlatforms) = preSolution
		Debug|Any CPU = Debug|Any CPU
		Release|Any CPU = Release|Any CPU
	EndGlobalSection
	GlobalSection(ProjectConfigurationPlatforms) = postSolution
		{854F58AD-FCC4-4656-92E0-5D56471AF938}.Debug|Any CPU.ActiveCfg = Debug|Any CPU
		{854F58AD-FCC4-4656-92E0-5D56471AF938}.Debug|Any CPU.Build.0 = Debug|Any CPU
		{854F58AD-FCC4-4656-92E0-5D56471AF938}.Release|Any CPU.ActiveCfg = Release|Any CPU
		{854F58AD-FCC4-4656-92E0-5D56471AF938}.Release|Any CPU.Build.0 = Release|Any CPU
		{B85D3A08-BCFB-47D4-96E4-EDD39196B937}.Debug|Any CPU.ActiveCfg = Debug|Any CPU
		{B85D3A08-BCFB-47D4-96E4-EDD39196B937}.Debug|Any CPU.Build.0 = Debug|Any CPU
		{B85D3A08-BCFB-47D4-96E4-EDD39196B937}.Release|Any CPU.ActiveCfg = Release|Any CPU
		{B85D3A08-BCFB-47D4-96E4-EDD39196B937}.Release|Any CPU.Build.0 = Release|Any CPU
		{6EDB06C4-54AA-4A5E-9A46-F45DD5AC85ED}.Debug|Any CPU.ActiveCfg = Debug|Any CPU
		{6EDB06C4-54AA-4A5E-9A46-F45DD5AC85ED}.Debug|Any CPU.Build.0 = Debug|Any CPU
		{6EDB06C4-54AA-4A5E-9A46-F45DD5AC85ED}.Release|Any CPU.ActiveCfg = Release|Any CPU
		{6EDB06C4-54AA-4A5E-9A46-F45DD5AC85ED}.Release|Any CPU.Build.0 = Release|Any CPU
		{0DF2F1D1-AD9A-4CC4-9634-0DF9475E045F}.Debug|Any CPU.ActiveCfg = Debug|Any CPU
		{0DF2F1D1-AD9A-4CC4-9634-0DF9475E045F}.Debug|Any CPU.Build.0 = Debug|Any CPU
		{0DF2F1D1-AD9A-4CC4-9634-0DF9475E045F}.Release|Any CPU.ActiveCfg = Release|Any CPU
		{0DF2F1D1-AD9A-4CC4-9634-0DF9475E045F}.Release|Any CPU.Build.0 = Release|Any CPU
	EndGlobalSection
	GlobalSection(SolutionProperties) = preSolution
		HideSolutionNode = FALSE
	EndGlobalSection
	GlobalSection(ExtensibilityGlobals) = postSolution
		SolutionGuid = {061C1E22-A6A8-4FB5-B99F-45BEBED0EAAC}
	EndGlobalSection
EndGlobal
